<?xml version="1.0" encoding="utf-8"?>
<Project ToolsVersion="4.0" xmlns="http://schemas.microsoft.com/developer/msbuild/2003">
  <ItemGroup>
    <Filter Include="Source Files">
      <UniqueIdentifier>{4FC737F1-C7A5-4376-A066-2A32D752A2FF}</UniqueIdentifier>
      <Extensions>cpp;c;cc;cxx;c++;cppm;ixx;def;odl;idl;hpj;bat;asm;asmx</Extensions>
    </Filter>
    <Filter Include="Header Files">
      <UniqueIdentifier>{93995380-89BD-4b04-88EB-625FBE52EBFB}</UniqueIdentifier>
      <Extensions>h;hh;hpp;hxx;h++;hm;inl;inc;ipp;xsd</Extensions>
    </Filter>
    <Filter Include="Resource Files">
      <UniqueIdentifier>{67DA6AB6-F800-4c08-8B7A-83BB121AAD01}</UniqueIdentifier>
      <Extensions>rc;ico;cur;bmp;dlg;rc2;rct;bin;rgs;gif;jpg;jpeg;jpe;resx;tiff;tif;png;wav;mfcribbon-ms</Extensions>
    </Filter>
  </ItemGroup>
  <ItemGroup>
    <ClCompile Include="main.cpp">
      <Filter>Source Files</Filter>
    </ClCompile>
    <ClCompile Include="..\LluviaGame\DifficultyManager.cpp">
      <Filter>Source Files</Filter>
    </ClCompile>
    <ClCompile Include="..\LluviaGame\LluviaGame.cpp">
      <Filter>Source Files</Filter>
    </ClCompile>
    <ClCompile Include="..\SnakeGame\SnakeGame.cpp">
      <Filter>Source Files</Filter>
    </ClCompile>
    <ClCompile Include="..\NavesGame\Bullet.cpp">
      <Filter>Source Files</Filter>
    </ClCompile>
    <ClCompile Include="..\NavesGame\EnemyShip.cpp">
      <Filter>Source Files</Filter>
    </ClCompile>
    <ClCompile Include="..\NavesGame\ExplosionEffect.cpp">
      <Filter>Source Files</Filter>
    </ClCompile>
    <ClCompile Include="..\NavesGame\NavesGame.cpp">
      <Filter>Source Files</Filter>
    </ClCompile>
    <ClCompile Include="..\NavesGame\PlayerShip.cpp">
      <Filter>Source Files</Filter>
    </ClCompile>
    <ClCompile Include="..\NavesGame\tinyxml2.cpp">
      <Filter>Source Files</Filter>
    </ClCompile>
    <ClCompile Include="..\NavesGame\WaveManager.cpp">
      <Filter>Source Files</Filter>
    </ClCompile>
  </ItemGroup>
  <ItemGroup>
    <ClInclude Include="..\LluviaGame\DifficultyManager.h">
      <Filter>Header Files</Filter>
    </ClInclude>
    <ClInclude Include="..\LluviaGame\Effect.h">
      <Filter>Header Files</Filter>
    </ClInclude>
    <ClInclude Include="..\LluviaGame\FallingLetter.h">
      <Filter>Header Files</Filter>
    </ClInclude>
    <ClInclude Include="..\LluviaGame\LluviaGame.h">
      <Filter>Header Files</Filter>
    </ClInclude>
    <ClInclude Include="..\SnakeGame\SnakeGame.h">
      <Filter>Header Files</Filter>
    </ClInclude>
    <ClInclude Include="..\NavesGame\Actor.h">
      <Filter>Header Files</Filter>
    </ClInclude>
    <ClInclude Include="..\NavesGame\Bullet.h">
      <Filter>Header Files</Filter>
    </ClInclude>
    <ClInclude Include="..\NavesGame\EnemyShip.h">
      <Filter>Header Files</Filter>
    </ClInclude>
    <ClInclude Include="..\NavesGame\ExplosionEffect.h">
      <Filter>Header Files</Filter>
    </ClInclude>
    <ClInclude Include="..\NavesGame\NavesGame.h">
      <Filter>Header Files</Filter>
    </ClInclude>
    <ClInclude Include="..\NavesGame\Objecto.h">
      <Filter>Header Files</Filter>
    </ClInclude>
    <ClInclude Include="..\NavesGame\PlayerShip.h">
      <Filter>Header Files</Filter>
    </ClInclude>
    <ClInclude Include="..\NavesGame\tinyxml2.h">
      <Filter>Header Files</Filter>
    </ClInclude>
    <ClInclude Include="..\NavesGame\WaveManager.h">
      <Filter>Header Files</Filter>
    </ClInclude>
  </ItemGroup>
</Project>